// !$*UTF8*$!
{
	archiveVersion = 1;
	classes = {
	};
	objectVersion = 46;
	objects = {

/* Begin PBXBuildFile section */
		B2CDC33D1E03071B00BB1876 /* AppDelegate.swift in Sources */ = {isa = PBXBuildFile; fileRef = B2CDC33C1E03071B00BB1876 /* AppDelegate.swift */; };
		B2CDC33F1E03071B00BB1876 /* ViewController.swift in Sources */ = {isa = PBXBuildFile; fileRef = B2CDC33E1E03071B00BB1876 /* ViewController.swift */; };
		B2CDC3421E03071B00BB1876 /* Main.storyboard in Resources */ = {isa = PBXBuildFile; fileRef = B2CDC3401E03071B00BB1876 /* Main.storyboard */; };
		B2CDC3441E03071B00BB1876 /* Assets.xcassets in Resources */ = {isa = PBXBuildFile; fileRef = B2CDC3431E03071B00BB1876 /* Assets.xcassets */; };
		B2CDC3471E03071B00BB1876 /* LaunchScreen.storyboard in Resources */ = {isa = PBXBuildFile; fileRef = B2CDC3451E03071B00BB1876 /* LaunchScreen.storyboard */; };
/* End PBXBuildFile section */

/* Begin PBXFileReference section */
		B2CDC3391E03071B00BB1876 /* savePhoto.app */ = {isa = PBXFileReference; explicitFileType = wrapper.application; includeInIndex = 0; path = savePhoto.app; sourceTree = BUILT_PRODUCTS_DIR; };
		B2CDC33C1E03071B00BB1876 /* AppDelegate.swift */ = {isa = PBXFileReference; lastKnownFileType = sourcecode.swift; path = AppDelegate.swift; sourceTree = "<group>"; };
		B2CDC33E1E03071B00BB1876 /* ViewController.swift */ = {isa = PBXFileReference; lastKnownFileType = sourcecode.swift; path = ViewController.swift; sourceTree = "<group>"; };
		B2CDC3411E03071B00BB1876 /* Base */ = {isa = PBXFileReference; lastKnownFileType = file.storyboard; name = Base; path = Base.lproj/Main.storyboard; sourceTree = "<group>"; };
		B2CDC3431E03071B00BB1876 /* Assets.xcassets */ = {isa = PBXFileReference; lastKnownFileType = folder.assetcatalog; path = Assets.xcassets; sourceTree = "<group>"; };
		B2CDC3461E03071B00BB1876 /* Base */ = {isa = PBXFileReference; lastKnownFileType = file.storyboard; name = Base; path = Base.lproj/LaunchScreen.storyboard; sourceTree = "<group>"; };
		B2CDC3481E03071B00BB1876 /* Info.plist */ = {isa = PBXFileReference; lastKnownFileType = text.plist.xml; path = Info.plist; sourceTree = "<group>"; };
/* End PBXFileReference section */

/* Begin PBXFrameworksBuildPhase section */
		B2CDC3361E03071B00BB1876 /* Frameworks */ = {
			isa = PBXFrameworksBuildPhase;
			buildActionMask = 2147483647;
			files = (
			);
			runOnlyForDeploymentPostprocessing = 0;
		};
/* End PBXFrameworksBuildPhase section */

/* Begin PBXGroup section */
		B2CDC3301E03071B00BB1876 = {
			isa = PBXGroup;
			children = (
				B2CDC33B1E03071B00BB1876 /* savePhoto */,
				B2CDC33A1E03071B00BB1876 /* Products */,
			);
			sourceTree = "<group>";
		};
		B2CDC33A1E03071B00BB1876 /* Products */ = {
			isa = PBXGroup;
			children = (
				B2CDC3391E03071B00BB1876 /* savePhoto.app */,
			);
			name = Products;
			sourceTree = "<group>";
		};
		B2CDC33B1E03071B00BB1876 /* savePhoto */ = {
			isa = PBXGroup;
			children = (
				B2CDC33C1E03071B00BB1876 /* AppDelegate.swift */,
				B2CDC33E1E03071B00BB1876 /* ViewController.swift */,
				B2CDC3401E03071B00BB1876 /* Main.storyboard */,
				B2CDC3431E03071B00BB1876 /* Assets.xcassets */,
				B2CDC3451E03071B00BB1876 /* LaunchScreen.storyboard */,
				B2CDC3481E03071B00BB1876 /* Info.plist */,
			);
			path = savePhoto;
			sourceTree = "<group>";
		};
/* End PBXGroup section */

/* Begin PBXNativeTarget section */
		B2CDC3381E03071B00BB1876 /* savePhoto */ = {
			isa = PBXNativeTarget;
			buildConfigurationList = B2CDC34B1E03071B00BB1876 /* Build configuration list for PBXNativeTarget "savePhoto" */;
			buildPhases = (
				B2CDC3351E03071B00BB1876 /* Sources */,
				B2CDC3361E03071B00BB1876 /* Frameworks */,
				B2CDC3371E03071B00BB1876 /* Resources */,
			);
			buildRules = (
			);
			dependencies = (
			);
			name = savePhoto;
			productName = savePhoto;
			productReference = B2CDC3391E03071B00BB1876 /* savePhoto.app */;
			productType = "com.apple.product-type.application";
		};
/* End PBXNativeTarget section */

/* Begin PBXProject section */
		B2CDC3311E03071B00BB1876 /* Project object */ = {
			isa = PBXProject;
			attributes = {
				LastSwiftUpdateCheck = 0820;
				LastUpgradeCheck = 0820;
				ORGANIZATIONNAME = Fang;
				TargetAttributes = {
					B2CDC3381E03071B00BB1876 = {
						CreatedOnToolsVersion = 8.2;
						DevelopmentTeam = WG57F49J5K;
						ProvisioningStyle = Automatic;
					};
				};
			};
			buildConfigurationList = B2CDC3341E03071B00BB1876 /* Build configuration list for PBXProject "savePhoto" */;
			compatibilityVersion = "Xcode 3.2";
			developmentRegion = English;
			hasScannedForEncodings = 0;
			knownRegions = (
				en,
				Base,
			);
			mainGroup = B2CDC3301E03071B00BB1876;
			productRefGroup = B2CDC33A1E03071B00BB1876 /* Products */;
			projectDirPath = "";
			projectRoot = "";
			targets = (
				B2CDC3381E03071B00BB1876 /* savePhoto */,
			);
		};
/* End PBXProject section */

/* Begin PBXResourcesBuildPhase section */
		B2CDC3371E03071B00BB1876 /* Resources */ = {
			isa = PBXResourcesBuildPhase;
			buildActionMask = 2147483647;
			files = (
				B2CDC3471E03071B00BB1876 /* LaunchScreen.storyboard in Resources */,
				B2CDC3441E03071B00BB1876 /* Assets.xcassets in Resources */,
				B2CDC3421E03071B00BB1876 /* Main.storyboard in Resources */,
			);
			runOnlyForDeploymentPostprocessing = 0;
		};
/* End PBXResourcesBuildPhase section */

/* Begin PBXSourcesBuildPhase section */
		B2CDC3351E03071B00BB1876 /* Sources */ = {
			isa = PBXSourcesBuildPhase;
			buildActionMask = 2147483647;
			files = (
				B2CDC33F1E03071B00BB1876 /* ViewController.swift in Sources */,
				B2CDC33D1E03071B00BB1876 /* AppDelegate.swift in Sources */,
			);
			runOnlyForDeploymentPostprocessing = 0;
		};
/* End PBXSourcesBuildPhase section */

/* Begin PBXVariantGroup section */
		B2CDC3401E03071B00BB1876 /* Main.storyboard */ = {
			isa = PBXVariantGroup;
			children = (
				B2CDC3411E03071B00BB1876 /* Base */,
			);
			name = Main.storyboard;
			sourceTree = "<group>";
		};
		B2CDC3451E03071B00BB1876 /* LaunchScreen.storyboard */ = {
			isa = PBXVariantGroup;
			children = (
				B2CDC3461E03071B00BB1876 /* Base */,
			);
			name = LaunchScreen.storyboard;
			sourceTree = "<group>";
		};
/* End PBXVariantGroup section */

/* Begin XCBuildConfiguration section */
		B2CDC3491E03071B00BB1876 /* Debug */ = {
			isa = XCBuildConfiguration;
			buildSettings = {
				ALWAYS_SEARCH_USER_PATHS = NO;
				CLANG_ANALYZER_NONNULL = YES;
				CLANG_CXX_LANGUAGE_STANDARD = "gnu++0x";
				CLANG_CXX_LIBRARY = "libc++";
				CLANG_ENABLE_MODULES = YES;
				CLANG_ENABLE_OBJC_ARC = YES;
				CLANG_WARN_BOOL_CONVERSION = YES;
				CLANG_WARN_CONSTANT_CONVERSION = YES;
				CLANG_WARN_DIRECT_OBJC_ISA_USAGE = YES_ERROR;
				CLANG_WARN_DOCUMENTATION_COMMENTS = YES;
				CLANG_WARN_EMPTY_BODY = YES;
				CLANG_WARN_ENUM_CONVERSION = YES;
				CLANG_WARN_INFINITE_RECURSION = YES;
				CLANG_WARN_INT_CONVERSION = YES;
				CLANG_WARN_OBJC_ROOT_CLASS = YES_ERROR;
				CLANG_WARN_SUSPICIOUS_MOVE = YES;
				CLANG_WARN_UNREACHABLE_CODE = YES;
				CLANG_WARN__DUPLICATE_METHOD_MATCH = YES;
				"CODE_SIGN_IDENTITY[sdk=iphoneos*]" = "iPhone Developer";
				COPY_PHASE_STRIP = NO;
				DEBUG_INFORMATION_FORMAT = dwarf;
				ENABLE_STRICT_OBJC_MSGSEND = YES;
				ENABLE_TESTABILITY = YES;
				GCC_C_LANGUAGE_STANDARD = gnu99;
				GCC_DYNAMIC_NO_PIC = NO;
				GCC_NO_COMMON_BLOCKS = YES;
				GCC_OPTIMIZATION_LEVEL = 0;
				GCC_PREPROCESSOR_DEFINITIONS = (
					"DEBUG=1",
					"$(inherited)",
				);
				GCC_WARN_64_TO_32_BIT_CONVERSION = YES;
				GCC_WARN_ABOUT_RETURN_TYPE = YES_ERROR;
				GCC_WARN_UNDECLARED_SELECTOR = YES;
				GCC_WARN_UNINITIALIZED_AUTOS = YES_AGGRESSIVE;
				GCC_WARN_UNUSED_FUNCTION = YES;
				GCC_WARN_UNUSED_VARIABLE = YES;
				IPHONEOS_DEPLOYMENT_TARGET = 10.2;
				MTL_ENABLE_DEBUG_INFO = YES;
				ONLY_ACTIVE_ARCH = YES;
				SDKROOT = iphoneos;
				SWIFT_ACTIVE_COMPILATION_CONDITIONS = DEBUG;
				SWIFT_OPTIMIZATION_LEVEL = "-Onone";
			};
			name = Debug;
		};
		B2CDC34A1E03071B00BB1876 /* Release */ = {
			isa = XCBuildConfiguration;
			buildSettings = {
				ALWAYS_SEARCH_USER_PATHS = NO;
				CLANG_ANALYZER_NONNULL = YES;
				CLANG_CXX_LANGUAGE_STANDARD = "gnu++0x";
				CLANG_CXX_LIBRARY = "libc++";
				CLANG_ENABLE_MODULES = YES;
				CLANG_ENABLE_OBJC_ARC = YES;
				CLANG_WARN_BOOL_CONVERSION = YES;
				CLANG_WARN_CONSTANT_CONVERSION = YES;
				CLANG_WARN_DIRECT_OBJC_ISA_USAGE = YES_ERROR;
				CLANG_WARN_DOCUMENTATION_COMMENTS = YES;
				CLANG_WARN_EMPTY_BODY = YES;
				CLANG_WARN_ENUM_CONVERSION = YES;
				CLANG_WARN_INFINITE_RECURSION = YES;
				CLANG_WARN_INT_CONVERSION = YES;
				CLANG_WARN_OBJC_ROOT_CLASS = YES_ERROR;
				CLANG_WARN_SUSPICIOUS_MOVE = YES;
				CLANG_WARN_UNREACHABLE_CODE = YES;
				CLANG_WARN__DUPLICATE_METHOD_MATCH = YES;
				"CODE_SIGN_IDENTITY[sdk=iphoneos*]" = "iPhone Developer";
				COPY_PHASE_STRIP = NO;
				DEBUG_INFORMATION_FORMAT = "dwarf-with-dsym";
				ENABLE_NS_ASSERTIONS = NO;
				ENABLE_STRICT_OBJC_MSGSEND = YES;
				GCC_C_LANGUAGE_STANDARD = gnu99;
				GCC_NO_COMMON_BLOCKS = YES;
				GCC_WARN_64_TO_32_BIT_CONVERSION = YES;
				GCC_WARN_ABOUT_RETURN_TYPE = YES_ERROR;
				GCC_WARN_UNDECLARED_SELECTOR = YES;
				GCC_WARN_UNINITIALIZED_AUTOS = YES_AGGRESSIVE;
				GCC_WARN_UNUSED_FUNCTION = YES;
				GCC_WARN_UNUSED_VARIABLE = YES;
				IPHONEOS_DEPLOYMENT_TARGET = 10.2;
				MTL_ENABLE_DEBUG_INFO = NO;
				SDKROOT = iphoneos;
				SWIFT_OPTIMIZATION_LEVEL = "-Owholemodule";
				VALIDATE_PRODUCT = YES;
			};
			name = Release;
		};
		B2CDC34C1E03071B00BB1876 /* Debug */ = {
			isa = XCBuildConfiguration;
			buildSettings = {
				ASSETCATALOG_COMPILER_APPICON_NAME = AppIcon;
				DEVELOPMENT_TEAM = WG57F49J5K;
				INFOPLIST_FILE = savePhoto/Info.plist;
				IPHONEOS_DEPLOYMENT_TARGET = 9.3;
				LD_RUNPATH_SEARCH_PATHS = "$(inherited) @executable_path/Frameworks";
				PRODUCT_BUNDLE_IDENTIFIER = com.ameyo.savePhoto;
				PRODUCT_NAME = "$(TARGET_NAME)";
				SWIFT_VERSION = 3.0;
			};
			name = Debug;
		};
		B2CDC34D1E03071B00BB1876 /* Release */ = {
			isa = XCBuildConfiguration;
			buildSettings = {
				ASSETCATALOG_COMPILER_APPICON_NAME = AppIcon;
				DEVELOPMENT_TEAM = WG57F49J5K;
				INFOPLIST_FILE = savePhoto/Info.plist;
				IPHONEOS_DEPLOYMENT_TARGET = 9.3;
				LD_RUNPATH_SEARCH_PATHS = "$(inherited) @executable_path/Frameworks";
				PRODUCT_BUNDLE_IDENTIFIER = com.ameyo.savePhoto;
				PRODUCT_NAME = "$(TARGET_NAME)";
				SWIFT_VERSION = 3.0;
			};
			name = Release;
		};
/* End XCBuildConfiguration section */

/* Begin XCConfigurationList section */
		B2CDC3341E03071B00BB1876 /* Build configuration list for PBXProject "savePhoto" */ = {
			isa = XCConfigurationList;
			buildConfigurations = (
				B2CDC3491E03071B00BB1876 /* Debug */,
				B2CDC34A1E03071B00BB1876 /* Release */,
			);
			defaultConfigurationIsVisible = 0;
			defaultConfigurationName = Release;
		};
		B2CDC34B1E03071B00BB1876 /* Build configuration list for PBXNativeTarget "savePhoto" */ = {
			isa = XCConfigurationList;
			buildConfigurations = (
				B2CDC34C1E03071B00BB1876 /* Debug */,
				B2CDC34D1E03071B00BB1876 /* Release */,
			);
			defaultConfigurationIsVisible = 0;
		};
/* End XCConfigurationList section */
	};
	rootObject = B2CDC3311E03071B00BB1876 /* Project object */;
}
